
Microsoft Visual Studio Solution File, Format Version 12.00
# Visual Studio 15
VisualStudioVersion = 15.0.28307.1340
MinimumVisualStudioVersion = 10.0.40219.1
Project("{FAE04EC0-301F-11D3-BF4B-00C04F79EFBC}") = "Ejemplo 1", "Ejemplo 1\Ejemplo 1.csproj", "{AE0306F0-37F3-49C9-B2EB-F6A84D77D732}"
EndProject
Global
	GlobalSection(SolutionConfigurationPlatforms) = preSolution
		Debug|Any CPU = Debug|Any CPU
		Release|Any CPU = Release|Any CPU
	EndGlobalSection
	GlobalSection(ProjectConfigurationPlatforms) = postSolution
		{AE0306F0-37F3-49C9-B2EB-F6A84D77D732}.Debug|Any CPU.ActiveCfg = Debug|Any CPU
		{AE0306F0-37F3-49C9-B2EB-F6A84D77D732}.Debug|Any CPU.Build.0 = Debug|Any CPU
		{AE0306F0-37F3-49C9-B2EB-F6A84D77D732}.Release|Any CPU.ActiveCfg = Release|Any CPU
		{AE0306F0-37F3-49C9-B2EB-F6A84D77D732}.Release|Any CPU.Build.0 = Release|Any CPU
	EndGlobalSection
	GlobalSection(SolutionProperties) = preSolution
		HideSolutionNode = FALSE
	EndGlobalSection
	GlobalSection(ExtensibilityGlobals) = postSolution
		SolutionGuid = {0787BE6C-50F1-4964-B5D8-E0458F409F93}
	EndGlobalSection
EndGlobal
